
Microsoft Visual Studio Solution File, Format Version 12.00
# Visual Studio 2013
VisualStudioVersion = 12.0.30723.0
MinimumVisualStudioVersion = 10.0.40219.1
Project("{FAE04EC0-301F-11D3-BF4B-00C04F79EFBC}") = "MdiFormSkin", "main\MdiFormSkin\MdiFormSkin.csproj", "{925DEC96-1940-4555-902F-8E732FC7B348}"
EndProject
Project("{FAE04EC0-301F-11D3-BF4B-00C04F79EFBC}") = "GetCookies", "main\GetCookies\GetCookies.csproj", "{254BF797-0F03-410D-BAE6-9B7D999467C2}"
EndProject
Project("{FAE04EC0-301F-11D3-BF4B-00C04F79EFBC}") = "DemoLib.Security.FW4.5", "main\DemoLib.Security.FW4.5\DemoLib.Security.FW4.5.csproj", "{F803C1D1-6B05-412C-B764-FC5B94D1AC35}"
EndProject
Project("{FAE04EC0-301F-11D3-BF4B-00C04F79EFBC}") = "ConsoleApplication1", "main\ConsoleApplication1\ConsoleApplication1.csproj", "{CE3F2B79-750B-4BCF-9CF8-F4F1284C2F3F}"
EndProject
Project("{FAE04EC0-301F-11D3-BF4B-00C04F79EFBC}") = "TestFormVisible", "main\TestFormVisible\TestFormVisible.csproj", "{B427BE21-828C-4153-837E-CAB262932F73}"
EndProject
Project("{FAE04EC0-301F-11D3-BF4B-00C04F79EFBC}") = "WindowsService1", "main\WindowsService1\WindowsService1.csproj", "{910E8C17-2B04-485E-84B5-A0043380C960}"
EndProject
Global
	GlobalSection(SolutionConfigurationPlatforms) = preSolution
		Debug|Any CPU = Debug|Any CPU
		Release|Any CPU = Release|Any CPU
	EndGlobalSection
	GlobalSection(ProjectConfigurationPlatforms) = postSolution
		{925DEC96-1940-4555-902F-8E732FC7B348}.Debug|Any CPU.ActiveCfg = Debug|Any CPU
		{925DEC96-1940-4555-902F-8E732FC7B348}.Debug|Any CPU.Build.0 = Debug|Any CPU
		{925DEC96-1940-4555-902F-8E732FC7B348}.Release|Any CPU.ActiveCfg = Release|Any CPU
		{925DEC96-1940-4555-902F-8E732FC7B348}.Release|Any CPU.Build.0 = Release|Any CPU
		{254BF797-0F03-410D-BAE6-9B7D999467C2}.Debug|Any CPU.ActiveCfg = Debug|Any CPU
		{254BF797-0F03-410D-BAE6-9B7D999467C2}.Debug|Any CPU.Build.0 = Debug|Any CPU
		{254BF797-0F03-410D-BAE6-9B7D999467C2}.Release|Any CPU.ActiveCfg = Release|Any CPU
		{254BF797-0F03-410D-BAE6-9B7D999467C2}.Release|Any CPU.Build.0 = Release|Any CPU
		{F803C1D1-6B05-412C-B764-FC5B94D1AC35}.Debug|Any CPU.ActiveCfg = Debug|Any CPU
		{F803C1D1-6B05-412C-B764-FC5B94D1AC35}.Debug|Any CPU.Build.0 = Debug|Any CPU
		{F803C1D1-6B05-412C-B764-FC5B94D1AC35}.Release|Any CPU.ActiveCfg = Release|Any CPU
		{F803C1D1-6B05-412C-B764-FC5B94D1AC35}.Release|Any CPU.Build.0 = Release|Any CPU
		{CE3F2B79-750B-4BCF-9CF8-F4F1284C2F3F}.Debug|Any CPU.ActiveCfg = Debug|Any CPU
		{CE3F2B79-750B-4BCF-9CF8-F4F1284C2F3F}.Debug|Any CPU.Build.0 = Debug|Any CPU
		{CE3F2B79-750B-4BCF-9CF8-F4F1284C2F3F}.Release|Any CPU.ActiveCfg = Release|Any CPU
		{CE3F2B79-750B-4BCF-9CF8-F4F1284C2F3F}.Release|Any CPU.Build.0 = Release|Any CPU
		{B427BE21-828C-4153-837E-CAB262932F73}.Debug|Any CPU.ActiveCfg = Debug|Any CPU
		{B427BE21-828C-4153-837E-CAB262932F73}.Debug|Any CPU.Build.0 = Debug|Any CPU
		{B427BE21-828C-4153-837E-CAB262932F73}.Release|Any CPU.ActiveCfg = Release|Any CPU
		{B427BE21-828C-4153-837E-CAB262932F73}.Release|Any CPU.Build.0 = Release|Any CPU
		{910E8C17-2B04-485E-84B5-A0043380C960}.Debug|Any CPU.ActiveCfg = Debug|Any CPU
		{910E8C17-2B04-485E-84B5-A0043380C960}.Debug|Any CPU.Build.0 = Debug|Any CPU
		{910E8C17-2B04-485E-84B5-A0043380C960}.Release|Any CPU.ActiveCfg = Release|Any CPU
		{910E8C17-2B04-485E-84B5-A0043380C960}.Release|Any CPU.Build.0 = Release|Any CPU
	EndGlobalSection
	GlobalSection(SolutionProperties) = preSolution
		HideSolutionNode = FALSE
	EndGlobalSection
EndGlobal
